
Microsoft Visual Studio Solution File, Format Version 12.00
# Visual Studio Version 17
VisualStudioVersion = 17.7.34009.444
MinimumVisualStudioVersion = 10.0.40219.1
Project("{2150E333-8FDC-42A3-9474-1A3956D46DE8}") = "Source", "Source", "{CE7AC1A0-B3C6-4110-8C3A-0F18614CD13C}"
EndProject
Project("{2150E333-8FDC-42A3-9474-1A3956D46DE8}") = "Backend", "Backend", "{BA90C808-DE81-4690-A835-FC07DFB24866}"
EndProject
Project("{2150E333-8FDC-42A3-9474-1A3956D46DE8}") = "Platforms", "Platforms", "{3C2CD11C-C99A-4895-AC15-4C9C74F9D348}"
EndProject
Project("{2150E333-8FDC-42A3-9474-1A3956D46DE8}") = "Tests", "Tests", "{949EDE96-2894-48A5-BAA2-12AAC5DC70EA}"
EndProject
Project("{9A19103F-16F7-4668-BE54-9A1E7A4F7556}") = "UnoApp1.DataContracts", "UnoApp1\UnoApp1.DataContracts\UnoApp1.DataContracts.csproj", "{6CAE2A4E-0DDE-43C6-8AA6-3935DEF67979}"
EndProject
Project("{9A19103F-16F7-4668-BE54-9A1E7A4F7556}") = "UnoApp1", "UnoApp1\UnoApp1\UnoApp1.csproj", "{3366D57E-E23E-4A02-AFB2-EF92F5F5DE9B}"
EndProject
Project("{9A19103F-16F7-4668-BE54-9A1E7A4F7556}") = "UnoApp1.Tests", "UnoApp1\UnoApp1.Tests\UnoApp1.Tests.csproj", "{9F476EE0-73AF-49EC-8D05-3AFD7E3EE5C7}"
EndProject
Project("{9A19103F-16F7-4668-BE54-9A1E7A4F7556}") = "UnoApp1.UITests", "UnoApp1\UnoApp1.UITests\UnoApp1.UITests.csproj", "{52A64D7D-F55B-4295-BC37-6B9EF802257A}"
EndProject
Project("{9A19103F-16F7-4668-BE54-9A1E7A4F7556}") = "UnoApp1.Windows", "UnoApp1\UnoApp1.Windows\UnoApp1.Windows.csproj", "{9D9B3713-4678-4ED9-B710-74573AB34FE2}"
EndProject
Project("{9A19103F-16F7-4668-BE54-9A1E7A4F7556}") = "UnoApp1.Wasm", "UnoApp1\UnoApp1.Wasm\UnoApp1.Wasm.csproj", "{5502EC68-7B81-4493-9DED-F0575ABD398E}"
EndProject
Project("{9A19103F-16F7-4668-BE54-9A1E7A4F7556}") = "UnoApp1.Skia.Wpf", "UnoApp1\UnoApp1.Skia.WPF\UnoApp1.Skia.Wpf.csproj", "{8B67DC73-59BC-4F04-B986-9D4709AC4EBB}"
EndProject
Project("{9A19103F-16F7-4668-BE54-9A1E7A4F7556}") = "UnoApp1.Server", "UnoApp1\UnoApp1.Server\UnoApp1.Server.csproj", "{97BADBC0-F5A4-4AFB-8BEA-4A38E69C1A71}"
EndProject
Global
	GlobalSection(SolutionConfigurationPlatforms) = preSolution
		Debug|Any CPU = Debug|Any CPU
		Debug|arm64 = Debug|arm64
		Debug|x64 = Debug|x64
		Debug|x86 = Debug|x86
		Release|Any CPU = Release|Any CPU
		Release|arm64 = Release|arm64
		Release|x64 = Release|x64
		Release|x86 = Release|x86
	EndGlobalSection
	GlobalSection(ProjectConfigurationPlatforms) = postSolution
		{6CAE2A4E-0DDE-43C6-8AA6-3935DEF67979}.Debug|Any CPU.ActiveCfg = Debug|Any CPU
		{6CAE2A4E-0DDE-43C6-8AA6-3935DEF67979}.Debug|Any CPU.Build.0 = Debug|Any CPU
		{6CAE2A4E-0DDE-43C6-8AA6-3935DEF67979}.Debug|arm64.ActiveCfg = Debug|Any CPU
		{6CAE2A4E-0DDE-43C6-8AA6-3935DEF67979}.Debug|arm64.Build.0 = Debug|Any CPU
		{6CAE2A4E-0DDE-43C6-8AA6-3935DEF67979}.Debug|x64.ActiveCfg = Debug|Any CPU
		{6CAE2A4E-0DDE-43C6-8AA6-3935DEF67979}.Debug|x64.Build.0 = Debug|Any CPU
		{6CAE2A4E-0DDE-43C6-8AA6-3935DEF67979}.Debug|x86.ActiveCfg = Debug|Any CPU
		{6CAE2A4E-0DDE-43C6-8AA6-3935DEF67979}.Debug|x86.Build.0 = Debug|Any CPU
		{6CAE2A4E-0DDE-43C6-8AA6-3935DEF67979}.Release|Any CPU.ActiveCfg = Release|Any CPU
		{6CAE2A4E-0DDE-43C6-8AA6-3935DEF67979}.Release|Any CPU.Build.0 = Release|Any CPU
		{6CAE2A4E-0DDE-43C6-8AA6-3935DEF67979}.Release|arm64.ActiveCfg = Release|Any CPU
		{6CAE2A4E-0DDE-43C6-8AA6-3935DEF67979}.Release|arm64.Build.0 = Release|Any CPU
		{6CAE2A4E-0DDE-43C6-8AA6-3935DEF67979}.Release|x64.ActiveCfg = Release|Any CPU
		{6CAE2A4E-0DDE-43C6-8AA6-3935DEF67979}.Release|x64.Build.0 = Release|Any CPU
		{6CAE2A4E-0DDE-43C6-8AA6-3935DEF67979}.Release|x86.ActiveCfg = Release|Any CPU
		{6CAE2A4E-0DDE-43C6-8AA6-3935DEF67979}.Release|x86.Build.0 = Release|Any CPU
		{3366D57E-E23E-4A02-AFB2-EF92F5F5DE9B}.Debug|Any CPU.ActiveCfg = Debug|Any CPU
		{3366D57E-E23E-4A02-AFB2-EF92F5F5DE9B}.Debug|Any CPU.Build.0 = Debug|Any CPU
		{3366D57E-E23E-4A02-AFB2-EF92F5F5DE9B}.Debug|arm64.ActiveCfg = Debug|Any CPU
		{3366D57E-E23E-4A02-AFB2-EF92F5F5DE9B}.Debug|arm64.Build.0 = Debug|Any CPU
		{3366D57E-E23E-4A02-AFB2-EF92F5F5DE9B}.Debug|x64.ActiveCfg = Debug|Any CPU
		{3366D57E-E23E-4A02-AFB2-EF92F5F5DE9B}.Debug|x64.Build.0 = Debug|Any CPU
		{3366D57E-E23E-4A02-AFB2-EF92F5F5DE9B}.Debug|x86.ActiveCfg = Debug|Any CPU
		{3366D57E-E23E-4A02-AFB2-EF92F5F5DE9B}.Debug|x86.Build.0 = Debug|Any CPU
		{3366D57E-E23E-4A02-AFB2-EF92F5F5DE9B}.Release|Any CPU.ActiveCfg = Release|Any CPU
		{3366D57E-E23E-4A02-AFB2-EF92F5F5DE9B}.Release|Any CPU.Build.0 = Release|Any CPU
		{3366D57E-E23E-4A02-AFB2-EF92F5F5DE9B}.Release|arm64.ActiveCfg = Release|Any CPU
		{3366D57E-E23E-4A02-AFB2-EF92F5F5DE9B}.Release|arm64.Build.0 = Release|Any CPU
		{3366D57E-E23E-4A02-AFB2-EF92F5F5DE9B}.Release|x64.ActiveCfg = Release|Any CPU
		{3366D57E-E23E-4A02-AFB2-EF92F5F5DE9B}.Release|x64.Build.0 = Release|Any CPU
		{3366D57E-E23E-4A02-AFB2-EF92F5F5DE9B}.Release|x86.ActiveCfg = Release|Any CPU
		{3366D57E-E23E-4A02-AFB2-EF92F5F5DE9B}.Release|x86.Build.0 = Release|Any CPU
		{9F476EE0-73AF-49EC-8D05-3AFD7E3EE5C7}.Debug|Any CPU.ActiveCfg = Debug|Any CPU
		{9F476EE0-73AF-49EC-8D05-3AFD7E3EE5C7}.Debug|Any CPU.Build.0 = Debug|Any CPU
		{9F476EE0-73AF-49EC-8D05-3AFD7E3EE5C7}.Debug|arm64.ActiveCfg = Debug|Any CPU
		{9F476EE0-73AF-49EC-8D05-3AFD7E3EE5C7}.Debug|arm64.Build.0 = Debug|Any CPU
		{9F476EE0-73AF-49EC-8D05-3AFD7E3EE5C7}.Debug|x64.ActiveCfg = Debug|Any CPU
		{9F476EE0-73AF-49EC-8D05-3AFD7E3EE5C7}.Debug|x64.Build.0 = Debug|Any CPU
		{9F476EE0-73AF-49EC-8D05-3AFD7E3EE5C7}.Debug|x86.ActiveCfg = Debug|Any CPU
		{9F476EE0-73AF-49EC-8D05-3AFD7E3EE5C7}.Debug|x86.Build.0 = Debug|Any CPU
		{9F476EE0-73AF-49EC-8D05-3AFD7E3EE5C7}.Release|Any CPU.ActiveCfg = Release|Any CPU
		{9F476EE0-73AF-49EC-8D05-3AFD7E3EE5C7}.Release|Any CPU.Build.0 = Release|Any CPU
		{9F476EE0-73AF-49EC-8D05-3AFD7E3EE5C7}.Release|arm64.ActiveCfg = Release|Any CPU
		{9F476EE0-73AF-49EC-8D05-3AFD7E3EE5C7}.Release|arm64.Build.0 = Release|Any CPU
		{9F476EE0-73AF-49EC-8D05-3AFD7E3EE5C7}.Release|x64.ActiveCfg = Release|Any CPU
		{9F476EE0-73AF-49EC-8D05-3AFD7E3EE5C7}.Release|x64.Build.0 = Release|Any CPU
		{9F476EE0-73AF-49EC-8D05-3AFD7E3EE5C7}.Release|x86.ActiveCfg = Release|Any CPU
		{9F476EE0-73AF-49EC-8D05-3AFD7E3EE5C7}.Release|x86.Build.0 = Release|Any CPU
		{52A64D7D-F55B-4295-BC37-6B9EF802257A}.Debug|Any CPU.ActiveCfg = Debug|Any CPU
		{52A64D7D-F55B-4295-BC37-6B9EF802257A}.Debug|Any CPU.Build.0 = Debug|Any CPU
		{52A64D7D-F55B-4295-BC37-6B9EF802257A}.Debug|arm64.ActiveCfg = Debug|Any CPU
		{52A64D7D-F55B-4295-BC37-6B9EF802257A}.Debug|arm64.Build.0 = Debug|Any CPU
		{52A64D7D-F55B-4295-BC37-6B9EF802257A}.Debug|x64.ActiveCfg = Debug|Any CPU
		{52A64D7D-F55B-4295-BC37-6B9EF802257A}.Debug|x64.Build.0 = Debug|Any CPU
		{52A64D7D-F55B-4295-BC37-6B9EF802257A}.Debug|x86.ActiveCfg = Debug|Any CPU
		{52A64D7D-F55B-4295-BC37-6B9EF802257A}.Debug|x86.Build.0 = Debug|Any CPU
		{52A64D7D-F55B-4295-BC37-6B9EF802257A}.Release|Any CPU.ActiveCfg = Release|Any CPU
		{52A64D7D-F55B-4295-BC37-6B9EF802257A}.Release|Any CPU.Build.0 = Release|Any CPU
		{52A64D7D-F55B-4295-BC37-6B9EF802257A}.Release|arm64.ActiveCfg = Release|Any CPU
		{52A64D7D-F55B-4295-BC37-6B9EF802257A}.Release|arm64.Build.0 = Release|Any CPU
		{52A64D7D-F55B-4295-BC37-6B9EF802257A}.Release|x64.ActiveCfg = Release|Any CPU
		{52A64D7D-F55B-4295-BC37-6B9EF802257A}.Release|x64.Build.0 = Release|Any CPU
		{52A64D7D-F55B-4295-BC37-6B9EF802257A}.Release|x86.ActiveCfg = Release|Any CPU
		{52A64D7D-F55B-4295-BC37-6B9EF802257A}.Release|x86.Build.0 = Release|Any CPU
		{9D9B3713-4678-4ED9-B710-74573AB34FE2}.Debug|Any CPU.ActiveCfg = Debug|x64
		{9D9B3713-4678-4ED9-B710-74573AB34FE2}.Debug|Any CPU.Build.0 = Debug|x64
		{9D9B3713-4678-4ED9-B710-74573AB34FE2}.Debug|Any CPU.Deploy.0 = Debug|x64
		{9D9B3713-4678-4ED9-B710-74573AB34FE2}.Debug|arm64.ActiveCfg = Debug|arm64
		{9D9B3713-4678-4ED9-B710-74573AB34FE2}.Debug|arm64.Build.0 = Debug|arm64
		{9D9B3713-4678-4ED9-B710-74573AB34FE2}.Debug|arm64.Deploy.0 = Debug|arm64
		{9D9B3713-4678-4ED9-B710-74573AB34FE2}.Debug|x64.ActiveCfg = Debug|x64
		{9D9B3713-4678-4ED9-B710-74573AB34FE2}.Debug|x64.Build.0 = Debug|x64
		{9D9B3713-4678-4ED9-B710-74573AB34FE2}.Debug|x64.Deploy.0 = Debug|x64
		{9D9B3713-4678-4ED9-B710-74573AB34FE2}.Debug|x86.ActiveCfg = Debug|x86
		{9D9B3713-4678-4ED9-B710-74573AB34FE2}.Debug|x86.Build.0 = Debug|x86
		{9D9B3713-4678-4ED9-B710-74573AB34FE2}.Debug|x86.Deploy.0 = Debug|x86
		{9D9B3713-4678-4ED9-B710-74573AB34FE2}.Release|Any CPU.ActiveCfg = Release|x64
		{9D9B3713-4678-4ED9-B710-74573AB34FE2}.Release|Any CPU.Build.0 = Release|x64
		{9D9B3713-4678-4ED9-B710-74573AB34FE2}.Release|Any CPU.Deploy.0 = Release|x64
		{9D9B3713-4678-4ED9-B710-74573AB34FE2}.Release|arm64.ActiveCfg = Release|arm64
		{9D9B3713-4678-4ED9-B710-74573AB34FE2}.Release|arm64.Build.0 = Release|arm64
		{9D9B3713-4678-4ED9-B710-74573AB34FE2}.Release|arm64.Deploy.0 = Release|arm64
		{9D9B3713-4678-4ED9-B710-74573AB34FE2}.Release|x64.ActiveCfg = Release|x64
		{9D9B3713-4678-4ED9-B710-74573AB34FE2}.Release|x64.Build.0 = Release|x64
		{9D9B3713-4678-4ED9-B710-74573AB34FE2}.Release|x64.Deploy.0 = Release|x64
		{9D9B3713-4678-4ED9-B710-74573AB34FE2}.Release|x86.ActiveCfg = Release|x86
		{9D9B3713-4678-4ED9-B710-74573AB34FE2}.Release|x86.Build.0 = Release|x86
		{9D9B3713-4678-4ED9-B710-74573AB34FE2}.Release|x86.Deploy.0 = Release|x86
		{5502EC68-7B81-4493-9DED-F0575ABD398E}.Debug|Any CPU.ActiveCfg = Debug|Any CPU
		{5502EC68-7B81-4493-9DED-F0575ABD398E}.Debug|Any CPU.Build.0 = Debug|Any CPU
		{5502EC68-7B81-4493-9DED-F0575ABD398E}.Debug|arm64.ActiveCfg = Debug|Any CPU
		{5502EC68-7B81-4493-9DED-F0575ABD398E}.Debug|arm64.Build.0 = Debug|Any CPU
		{5502EC68-7B81-4493-9DED-F0575ABD398E}.Debug|x64.ActiveCfg = Debug|Any CPU
		{5502EC68-7B81-4493-9DED-F0575ABD398E}.Debug|x64.Build.0 = Debug|Any CPU
		{5502EC68-7B81-4493-9DED-F0575ABD398E}.Debug|x86.ActiveCfg = Debug|Any CPU
		{5502EC68-7B81-4493-9DED-F0575ABD398E}.Debug|x86.Build.0 = Debug|Any CPU
		{5502EC68-7B81-4493-9DED-F0575ABD398E}.Release|Any CPU.ActiveCfg = Release|Any CPU
		{5502EC68-7B81-4493-9DED-F0575ABD398E}.Release|Any CPU.Build.0 = Release|Any CPU
		{5502EC68-7B81-4493-9DED-F0575ABD398E}.Release|arm64.ActiveCfg = Release|Any CPU
		{5502EC68-7B81-4493-9DED-F0575ABD398E}.Release|arm64.Build.0 = Release|Any CPU
		{5502EC68-7B81-4493-9DED-F0575ABD398E}.Release|x64.ActiveCfg = Release|Any CPU
		{5502EC68-7B81-4493-9DED-F0575ABD398E}.Release|x64.Build.0 = Release|Any CPU
		{5502EC68-7B81-4493-9DED-F0575ABD398E}.Release|x86.ActiveCfg = Release|Any CPU
		{5502EC68-7B81-4493-9DED-F0575ABD398E}.Release|x86.Build.0 = Release|Any CPU
		{8B67DC73-59BC-4F04-B986-9D4709AC4EBB}.Debug|Any CPU.ActiveCfg = Debug|Any CPU
		{8B67DC73-59BC-4F04-B986-9D4709AC4EBB}.Debug|Any CPU.Build.0 = Debug|Any CPU
		{8B67DC73-59BC-4F04-B986-9D4709AC4EBB}.Debug|arm64.ActiveCfg = Debug|Any CPU
		{8B67DC73-59BC-4F04-B986-9D4709AC4EBB}.Debug|arm64.Build.0 = Debug|Any CPU
		{8B67DC73-59BC-4F04-B986-9D4709AC4EBB}.Debug|x64.ActiveCfg = Debug|Any CPU
		{8B67DC73-59BC-4F04-B986-9D4709AC4EBB}.Debug|x64.Build.0 = Debug|Any CPU
		{8B67DC73-59BC-4F04-B986-9D4709AC4EBB}.Debug|x86.ActiveCfg = Debug|Any CPU
		{8B67DC73-59BC-4F04-B986-9D4709AC4EBB}.Debug|x86.Build.0 = Debug|Any CPU
		{8B67DC73-59BC-4F04-B986-9D4709AC4EBB}.Release|Any CPU.ActiveCfg = Release|Any CPU
		{8B67DC73-59BC-4F04-B986-9D4709AC4EBB}.Release|Any CPU.Build.0 = Release|Any CPU
		{8B67DC73-59BC-4F04-B986-9D4709AC4EBB}.Release|arm64.ActiveCfg = Release|Any CPU
		{8B67DC73-59BC-4F04-B986-9D4709AC4EBB}.Release|arm64.Build.0 = Release|Any CPU
		{8B67DC73-59BC-4F04-B986-9D4709AC4EBB}.Release|x64.ActiveCfg = Release|Any CPU
		{8B67DC73-59BC-4F04-B986-9D4709AC4EBB}.Release|x64.Build.0 = Release|Any CPU
		{8B67DC73-59BC-4F04-B986-9D4709AC4EBB}.Release|x86.ActiveCfg = Release|Any CPU
		{8B67DC73-59BC-4F04-B986-9D4709AC4EBB}.Release|x86.Build.0 = Release|Any CPU
		{97BADBC0-F5A4-4AFB-8BEA-4A38E69C1A71}.Debug|Any CPU.ActiveCfg = Debug|Any CPU
		{97BADBC0-F5A4-4AFB-8BEA-4A38E69C1A71}.Debug|Any CPU.Build.0 = Debug|Any CPU
		{97BADBC0-F5A4-4AFB-8BEA-4A38E69C1A71}.Debug|arm64.ActiveCfg = Debug|Any CPU
		{97BADBC0-F5A4-4AFB-8BEA-4A38E69C1A71}.Debug|arm64.Build.0 = Debug|Any CPU
		{97BADBC0-F5A4-4AFB-8BEA-4A38E69C1A71}.Debug|x64.ActiveCfg = Debug|Any CPU
		{97BADBC0-F5A4-4AFB-8BEA-4A38E69C1A71}.Debug|x64.Build.0 = Debug|Any CPU
		{97BADBC0-F5A4-4AFB-8BEA-4A38E69C1A71}.Debug|x86.ActiveCfg = Debug|Any CPU
		{97BADBC0-F5A4-4AFB-8BEA-4A38E69C1A71}.Debug|x86.Build.0 = Debug|Any CPU
		{97BADBC0-F5A4-4AFB-8BEA-4A38E69C1A71}.Release|Any CPU.ActiveCfg = Release|Any CPU
		{97BADBC0-F5A4-4AFB-8BEA-4A38E69C1A71}.Release|Any CPU.Build.0 = Release|Any CPU
		{97BADBC0-F5A4-4AFB-8BEA-4A38E69C1A71}.Release|arm64.ActiveCfg = Release|Any CPU
		{97BADBC0-F5A4-4AFB-8BEA-4A38E69C1A71}.Release|arm64.Build.0 = Release|Any CPU
		{97BADBC0-F5A4-4AFB-8BEA-4A38E69C1A71}.Release|x64.ActiveCfg = Release|Any CPU
		{97BADBC0-F5A4-4AFB-8BEA-4A38E69C1A71}.Release|x64.Build.0 = Release|Any CPU
		{97BADBC0-F5A4-4AFB-8BEA-4A38E69C1A71}.Release|x86.ActiveCfg = Release|Any CPU
		{97BADBC0-F5A4-4AFB-8BEA-4A38E69C1A71}.Release|x86.Build.0 = Release|Any CPU
	EndGlobalSection
	GlobalSection(SolutionProperties) = preSolution
		HideSolutionNode = FALSE
	EndGlobalSection
	GlobalSection(NestedProjects) = preSolution
		{BA90C808-DE81-4690-A835-FC07DFB24866} = {CE7AC1A0-B3C6-4110-8C3A-0F18614CD13C}
		{3C2CD11C-C99A-4895-AC15-4C9C74F9D348} = {CE7AC1A0-B3C6-4110-8C3A-0F18614CD13C}
		{6CAE2A4E-0DDE-43C6-8AA6-3935DEF67979} = {CE7AC1A0-B3C6-4110-8C3A-0F18614CD13C}
		{3366D57E-E23E-4A02-AFB2-EF92F5F5DE9B} = {CE7AC1A0-B3C6-4110-8C3A-0F18614CD13C}
		{9F476EE0-73AF-49EC-8D05-3AFD7E3EE5C7} = {949EDE96-2894-48A5-BAA2-12AAC5DC70EA}
		{52A64D7D-F55B-4295-BC37-6B9EF802257A} = {949EDE96-2894-48A5-BAA2-12AAC5DC70EA}
		{9D9B3713-4678-4ED9-B710-74573AB34FE2} = {3C2CD11C-C99A-4895-AC15-4C9C74F9D348}
		{5502EC68-7B81-4493-9DED-F0575ABD398E} = {3C2CD11C-C99A-4895-AC15-4C9C74F9D348}
		{8B67DC73-59BC-4F04-B986-9D4709AC4EBB} = {3C2CD11C-C99A-4895-AC15-4C9C74F9D348}
		{97BADBC0-F5A4-4AFB-8BEA-4A38E69C1A71} = {BA90C808-DE81-4690-A835-FC07DFB24866}
	EndGlobalSection
	GlobalSection(ExtensibilityGlobals) = postSolution
		SolutionGuid = {8D4BF312-8286-4B59-A2F1-0872FBCF8D76}
	EndGlobalSection
EndGlobal
